// !$*UTF8*$!
{
	archiveVersion = 1;
	classes = {
	};
	objectVersion = 55;
	objects = {

/* Begin PBXBuildFile section */
		DD12EF192B1F49C00015D921 /* LogInViewController.swift in Sources */ = {isa = PBXBuildFile; fileRef = DD12EF182B1F49C00015D921 /* LogInViewController.swift */; };
		E1FD2AF61F6B5402C5604778 /* Pods_EventifyDev.framework in Frameworks */ = {isa = PBXBuildFile; fileRef = 20F8113B77070E74204888A0 /* Pods_EventifyDev.framework */; };
		ECB289C72B1E366200239E54 /* AppDelegate.swift in Sources */ = {isa = PBXBuildFile; fileRef = ECB289C62B1E366200239E54 /* AppDelegate.swift */; };
		ECB289CB2B1E366200239E54 /* ViewController.swift in Sources */ = {isa = PBXBuildFile; fileRef = ECB289CA2B1E366200239E54 /* ViewController.swift */; };
		ECB289D12B1E366200239E54 /* EventifyDev.xcdatamodeld in Sources */ = {isa = PBXBuildFile; fileRef = ECB289CF2B1E366200239E54 /* EventifyDev.xcdatamodeld */; };
		ECB289D32B1E366300239E54 /* Assets.xcassets in Resources */ = {isa = PBXBuildFile; fileRef = ECB289D22B1E366300239E54 /* Assets.xcassets */; };
		ECB289D62B1E366300239E54 /* LaunchScreen.storyboard in Resources */ = {isa = PBXBuildFile; fileRef = ECB289D42B1E366300239E54 /* LaunchScreen.storyboard */; };
		ECBE75592B3615E400860634 /* SignUpViewController.swift in Sources */ = {isa = PBXBuildFile; fileRef = ECBE75582B3615E400860634 /* SignUpViewController.swift */; };
		ECBE755E2B361A5A00860634 /* SF Pro Rounded Semibold.otf in Resources */ = {isa = PBXBuildFile; fileRef = ECBE755D2B36175100860634 /* SF Pro Rounded Semibold.otf */; };
		ECBE755F2B361A5C00860634 /* SF Pro Rounded Medium.otf in Resources */ = {isa = PBXBuildFile; fileRef = ECBE755C2B36175100860634 /* SF Pro Rounded Medium.otf */; };
		ECBE75602B361A5D00860634 /* SF Pro Rounded Regular.otf in Resources */ = {isa = PBXBuildFile; fileRef = ECBE755B2B36175100860634 /* SF Pro Rounded Regular.otf */; };
		ECBE75612B361A6000860634 /* SF Pro Rounded Bold.otf in Resources */ = {isa = PBXBuildFile; fileRef = ECBE755A2B36175000860634 /* SF Pro Rounded Bold.otf */; };
		ECDEF13E2B1E3915000CB1E4 /* ForgotPasswordViewController.swift in Sources */ = {isa = PBXBuildFile; fileRef = ECDEF13D2B1E3915000CB1E4 /* ForgotPasswordViewController.swift */; };
/* End PBXBuildFile section */

/* Begin PBXFileReference section */
		1A2334F85A72C882FC165878 /* Pods-EventifyDev.release.xcconfig */ = {isa = PBXFileReference; includeInIndex = 1; lastKnownFileType = text.xcconfig; name = "Pods-EventifyDev.release.xcconfig"; path = "Target Support Files/Pods-EventifyDev/Pods-EventifyDev.release.xcconfig"; sourceTree = "<group>"; };
		20F8113B77070E74204888A0 /* Pods_EventifyDev.framework */ = {isa = PBXFileReference; explicitFileType = wrapper.framework; includeInIndex = 0; path = Pods_EventifyDev.framework; sourceTree = BUILT_PRODUCTS_DIR; };
		751931826EDFE45015FB0D47 /* Pods-EventifyDev.debug.xcconfig */ = {isa = PBXFileReference; includeInIndex = 1; lastKnownFileType = text.xcconfig; name = "Pods-EventifyDev.debug.xcconfig"; path = "Target Support Files/Pods-EventifyDev/Pods-EventifyDev.debug.xcconfig"; sourceTree = "<group>"; };
		DD12EF182B1F49C00015D921 /* LogInViewController.swift */ = {isa = PBXFileReference; lastKnownFileType = sourcecode.swift; path = LogInViewController.swift; sourceTree = "<group>"; };
		ECB289C32B1E366200239E54 /* EventifyDev.app */ = {isa = PBXFileReference; explicitFileType = wrapper.application; includeInIndex = 0; path = EventifyDev.app; sourceTree = BUILT_PRODUCTS_DIR; };
		ECB289C62B1E366200239E54 /* AppDelegate.swift */ = {isa = PBXFileReference; lastKnownFileType = sourcecode.swift; path = AppDelegate.swift; sourceTree = "<group>"; };
		ECB289CA2B1E366200239E54 /* ViewController.swift */ = {isa = PBXFileReference; lastKnownFileType = sourcecode.swift; path = ViewController.swift; sourceTree = "<group>"; };
		ECB289D02B1E366200239E54 /* EventifyDev.xcdatamodel */ = {isa = PBXFileReference; lastKnownFileType = wrapper.xcdatamodel; path = EventifyDev.xcdatamodel; sourceTree = "<group>"; };
		ECB289D22B1E366300239E54 /* Assets.xcassets */ = {isa = PBXFileReference; lastKnownFileType = folder.assetcatalog; path = Assets.xcassets; sourceTree = "<group>"; };
		ECB289D52B1E366300239E54 /* Base */ = {isa = PBXFileReference; lastKnownFileType = file.storyboard; name = Base; path = Base.lproj/LaunchScreen.storyboard; sourceTree = "<group>"; };
		ECB289D72B1E366300239E54 /* Info.plist */ = {isa = PBXFileReference; lastKnownFileType = text.plist.xml; path = Info.plist; sourceTree = "<group>"; };
		ECBE75582B3615E400860634 /* SignUpViewController.swift */ = {isa = PBXFileReference; fileEncoding = 4; lastKnownFileType = sourcecode.swift; path = SignUpViewController.swift; sourceTree = "<group>"; };
		ECBE755A2B36175000860634 /* SF Pro Rounded Bold.otf */ = {isa = PBXFileReference; lastKnownFileType = file; path = "SF Pro Rounded Bold.otf"; sourceTree = "<group>"; };
		ECBE755B2B36175100860634 /* SF Pro Rounded Regular.otf */ = {isa = PBXFileReference; lastKnownFileType = file; path = "SF Pro Rounded Regular.otf"; sourceTree = "<group>"; };
		ECBE755C2B36175100860634 /* SF Pro Rounded Medium.otf */ = {isa = PBXFileReference; lastKnownFileType = file; path = "SF Pro Rounded Medium.otf"; sourceTree = "<group>"; };
		ECBE755D2B36175100860634 /* SF Pro Rounded Semibold.otf */ = {isa = PBXFileReference; lastKnownFileType = file; path = "SF Pro Rounded Semibold.otf"; sourceTree = "<group>"; };
		ECDEF13D2B1E3915000CB1E4 /* ForgotPasswordViewController.swift */ = {isa = PBXFileReference; lastKnownFileType = sourcecode.swift; path = ForgotPasswordViewController.swift; sourceTree = "<group>"; };
/* End PBXFileReference section */

/* Begin PBXFrameworksBuildPhase section */
		ECB289C02B1E366200239E54 /* Frameworks */ = {
			isa = PBXFrameworksBuildPhase;
			buildActionMask = 2147483647;
			files = (
				E1FD2AF61F6B5402C5604778 /* Pods_EventifyDev.framework in Frameworks */,
			);
			runOnlyForDeploymentPostprocessing = 0;
		};
/* End PBXFrameworksBuildPhase section */

/* Begin PBXGroup section */
		3C94AF2D10A53627F133362F /* Frameworks */ = {
			isa = PBXGroup;
			children = (
				20F8113B77070E74204888A0 /* Pods_EventifyDev.framework */,
			);
			name = Frameworks;
			sourceTree = "<group>";
		};
		C722B019866E896F587D2F9B /* Pods */ = {
			isa = PBXGroup;
			children = (
				751931826EDFE45015FB0D47 /* Pods-EventifyDev.debug.xcconfig */,
				1A2334F85A72C882FC165878 /* Pods-EventifyDev.release.xcconfig */,
			);
			path = Pods;
			sourceTree = "<group>";
		};
		DD12EF1A2B1F95DE0015D921 /* Fonts */ = {
			isa = PBXGroup;
			children = (
				ECBE755A2B36175000860634 /* SF Pro Rounded Bold.otf */,
				ECBE755C2B36175100860634 /* SF Pro Rounded Medium.otf */,
				ECBE755B2B36175100860634 /* SF Pro Rounded Regular.otf */,
				ECBE755D2B36175100860634 /* SF Pro Rounded Semibold.otf */,
			);
			path = Fonts;
			sourceTree = "<group>";
		};
		ECB289BA2B1E366200239E54 = {
			isa = PBXGroup;
			children = (
				ECB289C52B1E366200239E54 /* EventifyDev */,
				ECB289C42B1E366200239E54 /* Products */,
				C722B019866E896F587D2F9B /* Pods */,
				3C94AF2D10A53627F133362F /* Frameworks */,
			);
			sourceTree = "<group>";
		};
		ECB289C42B1E366200239E54 /* Products */ = {
			isa = PBXGroup;
			children = (
				ECB289C32B1E366200239E54 /* EventifyDev.app */,
			);
			name = Products;
			sourceTree = "<group>";
		};
		ECB289C52B1E366200239E54 /* EventifyDev */ = {
			isa = PBXGroup;
			children = (
				ECDEF13A2B1E3825000CB1E4 /* Application */,
				ECDEF13C2B1E3863000CB1E4 /* Resources */,
				ECDEF13B2B1E384A000CB1E4 /* Authentication */,
				ECB289CF2B1E366200239E54 /* EventifyDev.xcdatamodeld */,
			);
			path = EventifyDev;
			sourceTree = "<group>";
		};
		ECDEF13A2B1E3825000CB1E4 /* Application */ = {
			isa = PBXGroup;
			children = (
				ECB289C62B1E366200239E54 /* AppDelegate.swift */,
			);
			path = Application;
			sourceTree = "<group>";
		};
		ECDEF13B2B1E384A000CB1E4 /* Authentication */ = {
			isa = PBXGroup;
			children = (
				ECBE75582B3615E400860634 /* SignUpViewController.swift */,
				DD12EF182B1F49C00015D921 /* LogInViewController.swift */,
				ECB289CA2B1E366200239E54 /* ViewController.swift */,
				ECDEF13D2B1E3915000CB1E4 /* ForgotPasswordViewController.swift */,
			);
			path = Authentication;
			sourceTree = "<group>";
		};
		ECDEF13C2B1E3863000CB1E4 /* Resources */ = {
			isa = PBXGroup;
			children = (
				ECB289D72B1E366300239E54 /* Info.plist */,
				ECB289D42B1E366300239E54 /* LaunchScreen.storyboard */,
				ECB289D22B1E366300239E54 /* Assets.xcassets */,
				DD12EF1A2B1F95DE0015D921 /* Fonts */,
			);
			path = Resources;
			sourceTree = "<group>";
		};
/* End PBXGroup section */

/* Begin PBXNativeTarget section */
		ECB289C22B1E366200239E54 /* EventifyDev */ = {
			isa = PBXNativeTarget;
			buildConfigurationList = ECB289DA2B1E366300239E54 /* Build configuration list for PBXNativeTarget "EventifyDev" */;
			buildPhases = (
				829B42778FDED3789D0D019E /* [CP] Check Pods Manifest.lock */,
				ECB289BF2B1E366200239E54 /* Sources */,
				ECB289C02B1E366200239E54 /* Frameworks */,
				ECB289C12B1E366200239E54 /* Resources */,
				3619D84EFE18330DA83A3347 /* [CP] Embed Pods Frameworks */,
			);
			buildRules = (
			);
			dependencies = (
			);
			name = EventifyDev;
			productName = EventifyDev;
			productReference = ECB289C32B1E366200239E54 /* EventifyDev.app */;
			productType = "com.apple.product-type.application";
		};
/* End PBXNativeTarget section */

/* Begin PBXProject section */
		ECB289BB2B1E366200239E54 /* Project object */ = {
			isa = PBXProject;
			attributes = {
				BuildIndependentTargetsInParallel = 1;
				LastSwiftUpdateCheck = 1500;
				LastUpgradeCheck = 1500;
				TargetAttributes = {
					ECB289C22B1E366200239E54 = {
						CreatedOnToolsVersion = 15.0.1;
					};
				};
			};
			buildConfigurationList = ECB289BE2B1E366200239E54 /* Build configuration list for PBXProject "EventifyDev" */;
			compatibilityVersion = "Xcode 13.0";
			developmentRegion = en;
			hasScannedForEncodings = 0;
			knownRegions = (
				en,
				Base,
			);
			mainGroup = ECB289BA2B1E366200239E54;
			productRefGroup = ECB289C42B1E366200239E54 /* Products */;
			projectDirPath = "";
			projectRoot = "";
			targets = (
				ECB289C22B1E366200239E54 /* EventifyDev */,
			);
		};
/* End PBXProject section */

/* Begin PBXResourcesBuildPhase section */
		ECB289C12B1E366200239E54 /* Resources */ = {
			isa = PBXResourcesBuildPhase;
			buildActionMask = 2147483647;
			files = (
				ECBE755F2B361A5C00860634 /* SF Pro Rounded Medium.otf in Resources */,
				ECBE75602B361A5D00860634 /* SF Pro Rounded Regular.otf in Resources */,
				ECBE755E2B361A5A00860634 /* SF Pro Rounded Semibold.otf in Resources */,
				ECB289D62B1E366300239E54 /* LaunchScreen.storyboard in Resources */,
				ECBE75612B361A6000860634 /* SF Pro Rounded Bold.otf in Resources */,
				ECB289D32B1E366300239E54 /* Assets.xcassets in Resources */,
			);
			runOnlyForDeploymentPostprocessing = 0;
		};
/* End PBXResourcesBuildPhase section */

/* Begin PBXShellScriptBuildPhase section */
		3619D84EFE18330DA83A3347 /* [CP] Embed Pods Frameworks */ = {
			isa = PBXShellScriptBuildPhase;
			buildActionMask = 2147483647;
			files = (
			);
			inputFileListPaths = (
				"${PODS_ROOT}/Target Support Files/Pods-EventifyDev/Pods-EventifyDev-frameworks-${CONFIGURATION}-input-files.xcfilelist",
			);
			name = "[CP] Embed Pods Frameworks";
			outputFileListPaths = (
				"${PODS_ROOT}/Target Support Files/Pods-EventifyDev/Pods-EventifyDev-frameworks-${CONFIGURATION}-output-files.xcfilelist",
			);
			runOnlyForDeploymentPostprocessing = 0;
			shellPath = /bin/sh;
			shellScript = "\"${PODS_ROOT}/Target Support Files/Pods-EventifyDev/Pods-EventifyDev-frameworks.sh\"\n";
			showEnvVarsInLog = 0;
		};
		829B42778FDED3789D0D019E /* [CP] Check Pods Manifest.lock */ = {
			isa = PBXShellScriptBuildPhase;
			buildActionMask = 2147483647;
			files = (
			);
			inputFileListPaths = (
			);
			inputPaths = (
				"${PODS_PODFILE_DIR_PATH}/Podfile.lock",
				"${PODS_ROOT}/Manifest.lock",
			);
			name = "[CP] Check Pods Manifest.lock";
			outputFileListPaths = (
			);
			outputPaths = (
				"$(DERIVED_FILE_DIR)/Pods-EventifyDev-checkManifestLockResult.txt",
			);
			runOnlyForDeploymentPostprocessing = 0;
			shellPath = /bin/sh;
			shellScript = "diff \"${PODS_PODFILE_DIR_PATH}/Podfile.lock\" \"${PODS_ROOT}/Manifest.lock\" > /dev/null\nif [ $? != 0 ] ; then\n    # print error to STDERR\n    echo \"error: The sandbox is not in sync with the Podfile.lock. Run 'pod install' or update your CocoaPods installation.\" >&2\n    exit 1\nfi\n# This output is used by Xcode 'outputs' to avoid re-running this script phase.\necho \"SUCCESS\" > \"${SCRIPT_OUTPUT_FILE_0}\"\n";
			showEnvVarsInLog = 0;
		};
/* End PBXShellScriptBuildPhase section */

/* Begin PBXSourcesBuildPhase section */
		ECB289BF2B1E366200239E54 /* Sources */ = {
			isa = PBXSourcesBuildPhase;
			buildActionMask = 2147483647;
			files = (
				ECBE75592B3615E400860634 /* SignUpViewController.swift in Sources */,
				ECDEF13E2B1E3915000CB1E4 /* ForgotPasswordViewController.swift in Sources */,
				ECB289CB2B1E366200239E54 /* ViewController.swift in Sources */,
				ECB289D12B1E366200239E54 /* EventifyDev.xcdatamodeld in Sources */,
				DD12EF192B1F49C00015D921 /* LogInViewController.swift in Sources */,
				ECB289C72B1E366200239E54 /* AppDelegate.swift in Sources */,
			);
			runOnlyForDeploymentPostprocessing = 0;
		};
/* End PBXSourcesBuildPhase section */

/* Begin PBXVariantGroup section */
		ECB289D42B1E366300239E54 /* LaunchScreen.storyboard */ = {
			isa = PBXVariantGroup;
			children = (
				ECB289D52B1E366300239E54 /* Base */,
			);
			name = LaunchScreen.storyboard;
			sourceTree = "<group>";
		};
/* End PBXVariantGroup section */

/* Begin XCBuildConfiguration section */
		ECB289D82B1E366300239E54 /* Debug */ = {
			isa = XCBuildConfiguration;
			buildSettings = {
				ALWAYS_SEARCH_USER_PATHS = NO;
				ASSETCATALOG_COMPILER_GENERATE_SWIFT_ASSET_SYMBOL_EXTENSIONS = YES;
				CLANG_ANALYZER_NONNULL = YES;
				CLANG_ANALYZER_NUMBER_OBJECT_CONVERSION = YES_AGGRESSIVE;
				CLANG_CXX_LANGUAGE_STANDARD = "gnu++20";
				CLANG_ENABLE_MODULES = YES;
				CLANG_ENABLE_OBJC_ARC = YES;
				CLANG_ENABLE_OBJC_WEAK = YES;
				CLANG_WARN_BLOCK_CAPTURE_AUTORELEASING = YES;
				CLANG_WARN_BOOL_CONVERSION = YES;
				CLANG_WARN_COMMA = YES;
				CLANG_WARN_CONSTANT_CONVERSION = YES;
				CLANG_WARN_DEPRECATED_OBJC_IMPLEMENTATIONS = YES;
				CLANG_WARN_DIRECT_OBJC_ISA_USAGE = YES_ERROR;
				CLANG_WARN_DOCUMENTATION_COMMENTS = YES;
				CLANG_WARN_EMPTY_BODY = YES;
				CLANG_WARN_ENUM_CONVERSION = YES;
				CLANG_WARN_INFINITE_RECURSION = YES;
				CLANG_WARN_INT_CONVERSION = YES;
				CLANG_WARN_NON_LITERAL_NULL_CONVERSION = YES;
				CLANG_WARN_OBJC_IMPLICIT_RETAIN_SELF = YES;
				CLANG_WARN_OBJC_LITERAL_CONVERSION = YES;
				CLANG_WARN_OBJC_ROOT_CLASS = YES_ERROR;
				CLANG_WARN_QUOTED_INCLUDE_IN_FRAMEWORK_HEADER = YES;
				CLANG_WARN_RANGE_LOOP_ANALYSIS = YES;
				CLANG_WARN_STRICT_PROTOTYPES = YES;
				CLANG_WARN_SUSPICIOUS_MOVE = YES;
				CLANG_WARN_UNGUARDED_AVAILABILITY = YES_AGGRESSIVE;
				CLANG_WARN_UNREACHABLE_CODE = YES;
				CLANG_WARN__DUPLICATE_METHOD_MATCH = YES;
				COPY_PHASE_STRIP = NO;
				DEBUG_INFORMATION_FORMAT = dwarf;
				ENABLE_STRICT_OBJC_MSGSEND = YES;
				ENABLE_TESTABILITY = YES;
				ENABLE_USER_SCRIPT_SANDBOXING = NO;
				GCC_C_LANGUAGE_STANDARD = gnu17;
				GCC_DYNAMIC_NO_PIC = NO;
				GCC_NO_COMMON_BLOCKS = YES;
				GCC_OPTIMIZATION_LEVEL = 0;
				GCC_PREPROCESSOR_DEFINITIONS = (
					"DEBUG=1",
					"$(inherited)",
				);
				GCC_WARN_64_TO_32_BIT_CONVERSION = YES;
				GCC_WARN_ABOUT_RETURN_TYPE = YES_ERROR;
				GCC_WARN_UNDECLARED_SELECTOR = YES;
				GCC_WARN_UNINITIALIZED_AUTOS = YES_AGGRESSIVE;
				GCC_WARN_UNUSED_FUNCTION = YES;
				GCC_WARN_UNUSED_VARIABLE = YES;
				IPHONEOS_DEPLOYMENT_TARGET = 17.0;
				LOCALIZATION_PREFERS_STRING_CATALOGS = YES;
				MTL_ENABLE_DEBUG_INFO = INCLUDE_SOURCE;
				MTL_FAST_MATH = YES;
				ONLY_ACTIVE_ARCH = YES;
				SDKROOT = iphoneos;
				SWIFT_ACTIVE_COMPILATION_CONDITIONS = "DEBUG $(inherited)";
				SWIFT_OPTIMIZATION_LEVEL = "-Onone";
			};
			name = Debug;
		};
		ECB289D92B1E366300239E54 /* Release */ = {
			isa = XCBuildConfiguration;
			buildSettings = {
				ALWAYS_SEARCH_USER_PATHS = NO;
				ASSETCATALOG_COMPILER_GENERATE_SWIFT_ASSET_SYMBOL_EXTENSIONS = YES;
				CLANG_ANALYZER_NONNULL = YES;
				CLANG_ANALYZER_NUMBER_OBJECT_CONVERSION = YES_AGGRESSIVE;
				CLANG_CXX_LANGUAGE_STANDARD = "gnu++20";
				CLANG_ENABLE_MODULES = YES;
				CLANG_ENABLE_OBJC_ARC = YES;
				CLANG_ENABLE_OBJC_WEAK = YES;
				CLANG_WARN_BLOCK_CAPTURE_AUTORELEASING = YES;
				CLANG_WARN_BOOL_CONVERSION = YES;
				CLANG_WARN_COMMA = YES;
				CLANG_WARN_CONSTANT_CONVERSION = YES;
				CLANG_WARN_DEPRECATED_OBJC_IMPLEMENTATIONS = YES;
				CLANG_WARN_DIRECT_OBJC_ISA_USAGE = YES_ERROR;
				CLANG_WARN_DOCUMENTATION_COMMENTS = YES;
				CLANG_WARN_EMPTY_BODY = YES;
				CLANG_WARN_ENUM_CONVERSION = YES;
				CLANG_WARN_INFINITE_RECURSION = YES;
				CLANG_WARN_INT_CONVERSION = YES;
				CLANG_WARN_NON_LITERAL_NULL_CONVERSION = YES;
				CLANG_WARN_OBJC_IMPLICIT_RETAIN_SELF = YES;
				CLANG_WARN_OBJC_LITERAL_CONVERSION = YES;
				CLANG_WARN_OBJC_ROOT_CLASS = YES_ERROR;
				CLANG_WARN_QUOTED_INCLUDE_IN_FRAMEWORK_HEADER = YES;
				CLANG_WARN_RANGE_LOOP_ANALYSIS = YES;
				CLANG_WARN_STRICT_PROTOTYPES = YES;
				CLANG_WARN_SUSPICIOUS_MOVE = YES;
				CLANG_WARN_UNGUARDED_AVAILABILITY = YES_AGGRESSIVE;
				CLANG_WARN_UNREACHABLE_CODE = YES;
				CLANG_WARN__DUPLICATE_METHOD_MATCH = YES;
				COPY_PHASE_STRIP = NO;
				DEBUG_INFORMATION_FORMAT = "dwarf-with-dsym";
				ENABLE_NS_ASSERTIONS = NO;
				ENABLE_STRICT_OBJC_MSGSEND = YES;
				ENABLE_USER_SCRIPT_SANDBOXING = NO;
				GCC_C_LANGUAGE_STANDARD = gnu17;
				GCC_NO_COMMON_BLOCKS = YES;
				GCC_WARN_64_TO_32_BIT_CONVERSION = YES;
				GCC_WARN_ABOUT_RETURN_TYPE = YES_ERROR;
				GCC_WARN_UNDECLARED_SELECTOR = YES;
				GCC_WARN_UNINITIALIZED_AUTOS = YES_AGGRESSIVE;
				GCC_WARN_UNUSED_FUNCTION = YES;
				GCC_WARN_UNUSED_VARIABLE = YES;
				IPHONEOS_DEPLOYMENT_TARGET = 17.0;
				LOCALIZATION_PREFERS_STRING_CATALOGS = YES;
				MTL_ENABLE_DEBUG_INFO = NO;
				MTL_FAST_MATH = YES;
				SDKROOT = iphoneos;
				SWIFT_COMPILATION_MODE = wholemodule;
				VALIDATE_PRODUCT = YES;
			};
			name = Release;
		};
		ECB289DB2B1E366300239E54 /* Debug */ = {
			isa = XCBuildConfiguration;
			baseConfigurationReference = 751931826EDFE45015FB0D47 /* Pods-EventifyDev.debug.xcconfig */;
			buildSettings = {
				ASSETCATALOG_COMPILER_APPICON_NAME = AppIcon;
				ASSETCATALOG_COMPILER_GLOBAL_ACCENT_COLOR_NAME = AccentColor;
				CODE_SIGN_STYLE = Automatic;
				CURRENT_PROJECT_VERSION = 1;
				DEVELOPMENT_TEAM = X6KB2A8YM9;
				GENERATE_INFOPLIST_FILE = YES;
				INFOPLIST_FILE = EventifyDev/Resources/Info.plist;
				INFOPLIST_KEY_CFBundleDisplayName = Eventify;
				INFOPLIST_KEY_LSApplicationCategoryType = "";
				INFOPLIST_KEY_UIApplicationSupportsIndirectInputEvents = YES;
				INFOPLIST_KEY_UILaunchStoryboardName = LaunchScreen;
				INFOPLIST_KEY_UISupportedInterfaceOrientations_iPad = "UIInterfaceOrientationPortrait UIInterfaceOrientationPortraitUpsideDown UIInterfaceOrientationLandscapeLeft UIInterfaceOrientationLandscapeRight";
				INFOPLIST_KEY_UISupportedInterfaceOrientations_iPhone = "UIInterfaceOrientationPortrait UIInterfaceOrientationLandscapeLeft UIInterfaceOrientationLandscapeRight";
				IPHONEOS_DEPLOYMENT_TARGET = 13.0;
				LD_RUNPATH_SEARCH_PATHS = (
					"$(inherited)",
					"@executable_path/Frameworks",
				);
				MARKETING_VERSION = 1.0;
				"OTHER_LDFLAGS[sdk=*]" = (
					"-Xlinker",
					"-interposable",
				);
				PRODUCT_BUNDLE_IDENTIFIER = io.raynelz.EventifyDev;
				PRODUCT_NAME = "$(TARGET_NAME)";
				SWIFT_EMIT_LOC_STRINGS = YES;
				SWIFT_VERSION = 5.0;
				TARGETED_DEVICE_FAMILY = "1,2";
			};
			name = Debug;
		};
		ECB289DC2B1E366300239E54 /* Release */ = {
			isa = XCBuildConfiguration;
			baseConfigurationReference = 1A2334F85A72C882FC165878 /* Pods-EventifyDev.release.xcconfig */;
			buildSettings = {
				ASSETCATALOG_COMPILER_APPICON_NAME = AppIcon;
				ASSETCATALOG_COMPILER_GLOBAL_ACCENT_COLOR_NAME = AccentColor;
				CODE_SIGN_STYLE = Automatic;
				CURRENT_PROJECT_VERSION = 1;
				DEVELOPMENT_TEAM = X6KB2A8YM9;
				GENERATE_INFOPLIST_FILE = YES;
				INFOPLIST_FILE = EventifyDev/Resources/Info.plist;
				INFOPLIST_KEY_CFBundleDisplayName = Eventify;
				INFOPLIST_KEY_LSApplicationCategoryType = "";
				INFOPLIST_KEY_UIApplicationSupportsIndirectInputEvents = YES;
				INFOPLIST_KEY_UILaunchStoryboardName = LaunchScreen;
				INFOPLIST_KEY_UISupportedInterfaceOrientations_iPad = "UIInterfaceOrientationPortrait UIInterfaceOrientationPortraitUpsideDown UIInterfaceOrientationLandscapeLeft UIInterfaceOrientationLandscapeRight";
				INFOPLIST_KEY_UISupportedInterfaceOrientations_iPhone = "UIInterfaceOrientationPortrait UIInterfaceOrientationLandscapeLeft UIInterfaceOrientationLandscapeRight";
				IPHONEOS_DEPLOYMENT_TARGET = 13.0;
				LD_RUNPATH_SEARCH_PATHS = (
					"$(inherited)",
					"@executable_path/Frameworks",
				);
				MARKETING_VERSION = 1.0;
				PRODUCT_BUNDLE_IDENTIFIER = io.raynelz.EventifyDev;
				PRODUCT_NAME = "$(TARGET_NAME)";
				SWIFT_EMIT_LOC_STRINGS = YES;
				SWIFT_VERSION = 5.0;
				TARGETED_DEVICE_FAMILY = "1,2";
			};
			name = Release;
		};
/* End XCBuildConfiguration section */

/* Begin XCConfigurationList section */
		ECB289BE2B1E366200239E54 /* Build configuration list for PBXProject "EventifyDev" */ = {
			isa = XCConfigurationList;
			buildConfigurations = (
				ECB289D82B1E366300239E54 /* Debug */,
				ECB289D92B1E366300239E54 /* Release */,
			);
			defaultConfigurationIsVisible = 0;
			defaultConfigurationName = Release;
		};
		ECB289DA2B1E366300239E54 /* Build configuration list for PBXNativeTarget "EventifyDev" */ = {
			isa = XCConfigurationList;
			buildConfigurations = (
				ECB289DB2B1E366300239E54 /* Debug */,
				ECB289DC2B1E366300239E54 /* Release */,
			);
			defaultConfigurationIsVisible = 0;
			defaultConfigurationName = Release;
		};
/* End XCConfigurationList section */

/* Begin XCVersionGroup section */
		ECB289CF2B1E366200239E54 /* EventifyDev.xcdatamodeld */ = {
			isa = XCVersionGroup;
			children = (
				ECB289D02B1E366200239E54 /* EventifyDev.xcdatamodel */,
			);
			currentVersion = ECB289D02B1E366200239E54 /* EventifyDev.xcdatamodel */;
			path = EventifyDev.xcdatamodeld;
			sourceTree = "<group>";
			versionGroupType = wrapper.xcdatamodel;
		};
/* End XCVersionGroup section */
	};
	rootObject = ECB289BB2B1E366200239E54 /* Project object */;
}
